// This lockfile was autogenerated by Pants. To regenerate, run:
//
//    ./pants generate-lockfiles --resolve=test-pex
//
// --- BEGIN PANTS LOCKFILE METADATA: DO NOT EDIT OR REMOVE ---
// {
//   "version": 3,
//   "valid_for_interpreter_constraints": [
//     "CPython<3.10,>=3.8"
//   ],
//   "generated_with_requirements": [
//     "cowsay"
//   ],
//   "manylinux": "manylinux2014",
//   "requirement_constraints": [],
//   "only_binary": [],
//   "no_binary": []
// }
// --- END PANTS LOCKFILE METADATA ---

{
  "allow_builds": true,
  "allow_prereleases": false,
  "allow_wheels": true,
  "build_isolation": true,
  "constraints": [],
  "locked_resolves": [
    {
      "locked_requirements": [
        {
          "artifacts": [
            {
              "algorithm": "sha256",
              "hash": "c00e02444f5bc7332826686bd44d963caabbaba9a804a63153822edce62bbbf3",
              "url": "https://files.pythonhosted.org/packages/6b/b8/9f497fd045d74fe21d91cbe8debae0b451229989e35b539d218547d79fc6/cowsay-5.0.tar.gz"
            }
          ],
          "project_name": "cowsay",
          "requires_dists": [],
          "requires_python": null,
          "version": "5"
        }
      ],
      "platform_tag": null
    }
  ],
  "path_mappings": {},
  "pex_version": "2.1.108",
  "pip_version": "20.3.4-patched",
  "prefer_older_binary": false,
  "requirements": [
    "cowsay"
  ],
  "requires_python": [
    "<3.10,>=3.8"
  ],
  "resolver_version": "pip-2020-resolver",
  "style": "universal",
  "target_systems": [
    "linux",
    "mac"
  ],
  "transitive": true,
  "use_pep517": null
}
